
Microsoft Visual Studio Solution File, Format Version 12.00
# Visual Studio Version 16
VisualStudioVersion = 16.0.30907.101
MinimumVisualStudioVersion = 10.0.40219.1
Project("{FAE04EC0-301F-11D3-BF4B-00C04F79EFBC}") = "Space_Race", "Space_Race\Space_Race.csproj", "{822BA0CE-4740-4F1C-809D-850A70FC3875}"
EndProject
Global
	GlobalSection(SolutionConfigurationPlatforms) = preSolution
		Debug|Any CPU = Debug|Any CPU
		Release|Any CPU = Release|Any CPU
	EndGlobalSection
	GlobalSection(ProjectConfigurationPlatforms) = postSolution
		{822BA0CE-4740-4F1C-809D-850A70FC3875}.Debug|Any CPU.ActiveCfg = Debug|Any CPU
		{822BA0CE-4740-4F1C-809D-850A70FC3875}.Debug|Any CPU.Build.0 = Debug|Any CPU
		{822BA0CE-4740-4F1C-809D-850A70FC3875}.Release|Any CPU.ActiveCfg = Release|Any CPU
		{822BA0CE-4740-4F1C-809D-850A70FC3875}.Release|Any CPU.Build.0 = Release|Any CPU
	EndGlobalSection
	GlobalSection(SolutionProperties) = preSolution
		HideSolutionNode = FALSE
	EndGlobalSection
	GlobalSection(ExtensibilityGlobals) = postSolution
		SolutionGuid = {9112D66C-AC87-4FD6-9B8F-0423E8B4FA86}
	EndGlobalSection
EndGlobal
